
Microsoft Visual Studio Solution File, Format Version 12.00
# Visual Studio Version 16
VisualStudioVersion = 16.0.30114.105
MinimumVisualStudioVersion = 10.0.40219.1
Project("{FAE04EC0-301F-11D3-BF4B-00C04F79EFBC}") = "ProductTest", "ProductTest\ProductTest.csproj", "{E8AC8982-DCED-45DE-894C-65EC46D82635}"
EndProject
Global
	GlobalSection(SolutionConfigurationPlatforms) = preSolution
		Debug|Any CPU = Debug|Any CPU
		Release|Any CPU = Release|Any CPU
	EndGlobalSection
	GlobalSection(ProjectConfigurationPlatforms) = postSolution
		{E8AC8982-DCED-45DE-894C-65EC46D82635}.Debug|Any CPU.ActiveCfg = Debug|Any CPU
		{E8AC8982-DCED-45DE-894C-65EC46D82635}.Debug|Any CPU.Build.0 = Debug|Any CPU
		{E8AC8982-DCED-45DE-894C-65EC46D82635}.Release|Any CPU.ActiveCfg = Release|Any CPU
		{E8AC8982-DCED-45DE-894C-65EC46D82635}.Release|Any CPU.Build.0 = Release|Any CPU
	EndGlobalSection
	GlobalSection(SolutionProperties) = preSolution
		HideSolutionNode = FALSE
	EndGlobalSection
	GlobalSection(ExtensibilityGlobals) = postSolution
		SolutionGuid = {0B5B3940-D998-4CAC-89C6-77364747703B}
	EndGlobalSection
EndGlobal
